<?xml version="1.0" encoding="utf-8"?>
<Project ToolsVersion="4.0" xmlns="http://schemas.microsoft.com/developer/msbuild/2003">
  <ItemGroup>
    <Filter Include="Source Files">
      <UniqueIdentifier>{4FC737F1-C7A5-4376-A066-2A32D752A2FF}</UniqueIdentifier>
      <Extensions>cpp;c;cc;cxx;c++;cppm;ixx;def;odl;idl;hpj;bat;asm;asmx</Extensions>
    </Filter>
    <Filter Include="Header Files">
      <UniqueIdentifier>{93995380-89BD-4b04-88EB-625FBE52EBFB}</UniqueIdentifier>
      <Extensions>h;hh;hpp;hxx;h++;hm;inl;inc;ipp;xsd</Extensions>
    </Filter>
    <Filter Include="Resource Files">
      <UniqueIdentifier>{67DA6AB6-F800-4c08-8B7A-83BB121AAD01}</UniqueIdentifier>
      <Extensions>rc;ico;cur;bmp;dlg;rc2;rct;bin;rgs;gif;jpg;jpeg;jpe;resx;tiff;tif;png;wav;mfcribbon-ms</Extensions>
    </Filter>
    <Filter Include="Source Files\Youtube">
      <UniqueIdentifier>{3b072c42-2430-4355-8dec-267352daa3c0}</UniqueIdentifier>
    </Filter>
    <Filter Include="Source Files\TryHard">
      <UniqueIdentifier>{b8619873-d64c-4a26-85de-b8c9cbcaa539}</UniqueIdentifier>
    </Filter>
    <Filter Include="Source Files\ThucHanhTrenTruong">
      <UniqueIdentifier>{2dcebd45-7449-4064-9b40-cd91e2570e27}</UniqueIdentifier>
    </Filter>
    <Filter Include="Source Files\TryHard\NganXep">
      <UniqueIdentifier>{45fc6aa8-2547-4d02-85b7-8cb8671a299c}</UniqueIdentifier>
    </Filter>
    <Filter Include="Source Files\TryHard\HangDoi">
      <UniqueIdentifier>{51d8f9d6-6331-4dbd-9eb5-63f6faae379e}</UniqueIdentifier>
    </Filter>
    <Filter Include="Source Files\TryHard\CacThuatToanSapXep">
      <UniqueIdentifier>{d21e51bc-e79f-4f5b-8ce5-b0d646511744}</UniqueIdentifier>
    </Filter>
    <Filter Include="Source Files\TryHard\DanhSachLienKet">
      <UniqueIdentifier>{2e1d2979-a91b-4589-bf08-74d1b843d0d8}</UniqueIdentifier>
    </Filter>
  </ItemGroup>
  <ItemGroup>
    <ClCompile Include="DanhSachLienKetDon.cpp">
      <Filter>Source Files\Youtube</Filter>
    </ClCompile>
    <ClCompile Include="HangDoi.cpp">
      <Filter>Source Files\Youtube</Filter>
    </ClCompile>
    <ClCompile Include="NganXep.cpp">
      <Filter>Source Files\Youtube</Filter>
    </ClCompile>
    <ClCompile Include="QuanLiDanhSachSinhVienSLL.cpp">
      <Filter>Source Files\Youtube</Filter>
    </ClCompile>
    <ClCompile Include="Buoi1.cpp">
      <Filter>Source Files\ThucHanhTrenTruong</Filter>
    </ClCompile>
    <ClCompile Include="DanhSachLienKetDoi.cpp">
      <Filter>Source Files\Youtube</Filter>
    </ClCompile>
    <ClCompile Include="Buoi2.cpp">
      <Filter>Source Files\ThucHanhTrenTruong</Filter>
    </ClCompile>
    <ClCompile Include="SLL.cpp">
      <Filter>Source Files\TryHard\DanhSachLienKet</Filter>
    </ClCompile>
    <ClCompile Include="DLL.cpp">
      <Filter>Source Files\TryHard\DanhSachLienKet</Filter>
    </ClCompile>
    <ClCompile Include="LinkedStack.cpp">
      <Filter>Source Files\TryHard\NganXep</Filter>
    </ClCompile>
    <ClCompile Include="LinkedQueue.cpp">
      <Filter>Source Files\TryHard\NganXep</Filter>
    </ClCompile>
    <ClCompile Include="ArrayQueue.cpp">
      <Filter>Source Files\TryHard\HangDoi</Filter>
    </ClCompile>
    <ClCompile Include="ArrayStack.cpp">
      <Filter>Source Files\TryHard\HangDoi</Filter>
    </ClCompile>
    <ClCompile Include="BubbleSort.cpp">
      <Filter>Source Files\TryHard\CacThuatToanSapXep</Filter>
    </ClCompile>
    <ClCompile Include="SelectionSort.cpp">
      <Filter>Source Files\TryHard\CacThuatToanSapXep</Filter>
    </ClCompile>
    <ClCompile Include="InsertSort.cpp">
      <Filter>Source Files\TryHard\CacThuatToanSapXep</Filter>
    </ClCompile>
    <ClCompile Include="InterchangeSort.cpp">
      <Filter>Source Files\TryHard\CacThuatToanSapXep</Filter>
    </ClCompile>
    <ClCompile Include="CountingSort.cpp">
      <Filter>Source Files\Youtube</Filter>
    </ClCompile>
    <ClCompile Include="MergeSort.cpp">
      <Filter>Source Files\TryHard\CacThuatToanSapXep</Filter>
    </ClCompile>
    <ClCompile Include="QuickSort.cpp">
      <Filter>Source Files\TryHard\CacThuatToanSapXep</Filter>
    </ClCompile>
    <ClCompile Include="HeapSort.cpp">
      <Filter>Source Files\TryHard\CacThuatToanSapXep</Filter>
    </ClCompile>
    <ClCompile Include="CircularList.cpp">
      <Filter>Source Files\TryHard\DanhSachLienKet</Filter>
    </ClCompile>
  </ItemGroup>
  <ItemGroup>
    <ClInclude Include="SLL.h">
      <Filter>Header Files</Filter>
    </ClInclude>
    <ClInclude Include="QuanLiSinhVien_SLL.h">
      <Filter>Header Files</Filter>
    </ClInclude>
    <ClInclude Include="ArrayStack.h">
      <Filter>Header Files</Filter>
    </ClInclude>
    <ClInclude Include="ArrayQueue.h">
      <Filter>Header Files</Filter>
    </ClInclude>
    <ClInclude Include="LinkedQueue.h">
      <Filter>Header Files</Filter>
    </ClInclude>
    <ClInclude Include="LinkedStack.h">
      <Filter>Header Files</Filter>
    </ClInclude>
  </ItemGroup>
</Project>